// !$*UTF8*$!
{
	archiveVersion = 1;
	classes = {
	};
	objectVersion = 50;
	objects = {

/* Begin PBXBuildFile section */
		3D891E882189FC2E004B4C45 /* AppDelegate.swift in Sources */ = {isa = PBXBuildFile; fileRef = 3D891E872189FC2E004B4C45 /* AppDelegate.swift */; };
		3D891E8A2189FC2E004B4C45 /* ViewController.swift in Sources */ = {isa = PBXBuildFile; fileRef = 3D891E892189FC2E004B4C45 /* ViewController.swift */; };
		3D891E8D2189FC2E004B4C45 /* Main.storyboard in Resources */ = {isa = PBXBuildFile; fileRef = 3D891E8B2189FC2E004B4C45 /* Main.storyboard */; };
		3D891E8F2189FC36004B4C45 /* Assets.xcassets in Resources */ = {isa = PBXBuildFile; fileRef = 3D891E8E2189FC36004B4C45 /* Assets.xcassets */; };
		3D891E922189FC36004B4C45 /* LaunchScreen.storyboard in Resources */ = {isa = PBXBuildFile; fileRef = 3D891E902189FC36004B4C45 /* LaunchScreen.storyboard */; };
		3D891E9D2189FC36004B4C45 /* peliculasTests.swift in Sources */ = {isa = PBXBuildFile; fileRef = 3D891E9C2189FC36004B4C45 /* peliculasTests.swift */; };
		3D891EA82189FC36004B4C45 /* peliculasUITests.swift in Sources */ = {isa = PBXBuildFile; fileRef = 3D891EA72189FC36004B4C45 /* peliculasUITests.swift */; };
		3D891EBB2189FF6E004B4C45 /* Pelicula.swift in Sources */ = {isa = PBXBuildFile; fileRef = 3D891EBA2189FF6E004B4C45 /* Pelicula.swift */; };
		3D891EBE218A0092004B4C45 /* Datos.swift in Sources */ = {isa = PBXBuildFile; fileRef = 3D891EBD218A0092004B4C45 /* Datos.swift */; };
		3D891EC0218A015C004B4C45 /* CeldaPeliculaController.swift in Sources */ = {isa = PBXBuildFile; fileRef = 3D891EBF218A015C004B4C45 /* CeldaPeliculaController.swift */; };
		3D891EDA218A0D6C004B4C45 /* Alamofire.framework in Frameworks */ = {isa = PBXBuildFile; fileRef = 3D891ECD218A0CD7004B4C45 /* Alamofire.framework */; };
		3D891EDB218A0D6C004B4C45 /* Alamofire.framework in Embed Frameworks */ = {isa = PBXBuildFile; fileRef = 3D891ECD218A0CD7004B4C45 /* Alamofire.framework */; settings = {ATTRIBUTES = (CodeSignOnCopy, RemoveHeadersOnCopy, ); }; };
/* End PBXBuildFile section */

/* Begin PBXContainerItemProxy section */
		3D891E992189FC36004B4C45 /* PBXContainerItemProxy */ = {
			isa = PBXContainerItemProxy;
			containerPortal = 3D891E7C2189FC2E004B4C45 /* Project object */;
			proxyType = 1;
			remoteGlobalIDString = 3D891E832189FC2E004B4C45;
			remoteInfo = peliculas;
		};
		3D891EA42189FC36004B4C45 /* PBXContainerItemProxy */ = {
			isa = PBXContainerItemProxy;
			containerPortal = 3D891E7C2189FC2E004B4C45 /* Project object */;
			proxyType = 1;
			remoteGlobalIDString = 3D891E832189FC2E004B4C45;
			remoteInfo = peliculas;
		};
		3D891ECC218A0CD7004B4C45 /* PBXContainerItemProxy */ = {
			isa = PBXContainerItemProxy;
			containerPortal = 3D891EC1218A0CD7004B4C45 /* Alamofire.xcodeproj */;
			proxyType = 2;
			remoteGlobalIDString = F8111E3319A95C8B0040E7D1;
			remoteInfo = "Alamofire iOS";
		};
		3D891ECE218A0CD7004B4C45 /* PBXContainerItemProxy */ = {
			isa = PBXContainerItemProxy;
			containerPortal = 3D891EC1218A0CD7004B4C45 /* Alamofire.xcodeproj */;
			proxyType = 2;
			remoteGlobalIDString = F8111E3E19A95C8B0040E7D1;
			remoteInfo = "Alamofire iOS Tests";
		};
		3D891ED0218A0CD7004B4C45 /* PBXContainerItemProxy */ = {
			isa = PBXContainerItemProxy;
			containerPortal = 3D891EC1218A0CD7004B4C45 /* Alamofire.xcodeproj */;
			proxyType = 2;
			remoteGlobalIDString = 4DD67C0B1A5C55C900ED2280;
			remoteInfo = "Alamofire macOS";
		};
		3D891ED2218A0CD7004B4C45 /* PBXContainerItemProxy */ = {
			isa = PBXContainerItemProxy;
			containerPortal = 3D891EC1218A0CD7004B4C45 /* Alamofire.xcodeproj */;
			proxyType = 2;
			remoteGlobalIDString = F829C6B21A7A94F100A2CD59;
			remoteInfo = "Alamofire macOS Tests";
		};
		3D891ED4218A0CD7004B4C45 /* PBXContainerItemProxy */ = {
			isa = PBXContainerItemProxy;
			containerPortal = 3D891EC1218A0CD7004B4C45 /* Alamofire.xcodeproj */;
			proxyType = 2;
			remoteGlobalIDString = 4CF626EF1BA7CB3E0011A099;
			remoteInfo = "Alamofire tvOS";
		};
		3D891ED6218A0CD7004B4C45 /* PBXContainerItemProxy */ = {
			isa = PBXContainerItemProxy;
			containerPortal = 3D891EC1218A0CD7004B4C45 /* Alamofire.xcodeproj */;
			proxyType = 2;
			remoteGlobalIDString = 4CF626F81BA7CB3E0011A099;
			remoteInfo = "Alamofire tvOS Tests";
		};
		3D891ED8218A0CD7004B4C45 /* PBXContainerItemProxy */ = {
			isa = PBXContainerItemProxy;
			containerPortal = 3D891EC1218A0CD7004B4C45 /* Alamofire.xcodeproj */;
			proxyType = 2;
			remoteGlobalIDString = E4202FE01B667AA100C997FB;
			remoteInfo = "Alamofire watchOS";
		};
		3D891EDC218A0D6C004B4C45 /* PBXContainerItemProxy */ = {
			isa = PBXContainerItemProxy;
			containerPortal = 3D891EC1218A0CD7004B4C45 /* Alamofire.xcodeproj */;
			proxyType = 1;
			remoteGlobalIDString = F8111E3219A95C8B0040E7D1;
			remoteInfo = "Alamofire iOS";
		};
/* End PBXContainerItemProxy section */

/* Begin PBXCopyFilesBuildPhase section */
		3D891EDE218A0D6C004B4C45 /* Embed Frameworks */ = {
			isa = PBXCopyFilesBuildPhase;
			buildActionMask = 2147483647;
			dstPath = "";
			dstSubfolderSpec = 10;
			files = (
				3D891EDB218A0D6C004B4C45 /* Alamofire.framework in Embed Frameworks */,
			);
			name = "Embed Frameworks";
			runOnlyForDeploymentPostprocessing = 0;
		};
/* End PBXCopyFilesBuildPhase section */

/* Begin PBXFileReference section */
		3D891E842189FC2E004B4C45 /* peliculas.app */ = {isa = PBXFileReference; explicitFileType = wrapper.application; includeInIndex = 0; path = peliculas.app; sourceTree = BUILT_PRODUCTS_DIR; };
		3D891E872189FC2E004B4C45 /* AppDelegate.swift */ = {isa = PBXFileReference; lastKnownFileType = sourcecode.swift; path = AppDelegate.swift; sourceTree = "<group>"; };
		3D891E892189FC2E004B4C45 /* ViewController.swift */ = {isa = PBXFileReference; lastKnownFileType = sourcecode.swift; path = ViewController.swift; sourceTree = "<group>"; };
		3D891E8C2189FC2E004B4C45 /* Base */ = {isa = PBXFileReference; lastKnownFileType = file.storyboard; name = Base; path = Base.lproj/Main.storyboard; sourceTree = "<group>"; };
		3D891E8E2189FC36004B4C45 /* Assets.xcassets */ = {isa = PBXFileReference; lastKnownFileType = folder.assetcatalog; path = Assets.xcassets; sourceTree = "<group>"; };
		3D891E912189FC36004B4C45 /* Base */ = {isa = PBXFileReference; lastKnownFileType = file.storyboard; name = Base; path = Base.lproj/LaunchScreen.storyboard; sourceTree = "<group>"; };
		3D891E932189FC36004B4C45 /* Info.plist */ = {isa = PBXFileReference; lastKnownFileType = text.plist.xml; path = Info.plist; sourceTree = "<group>"; };
		3D891E982189FC36004B4C45 /* peliculasTests.xctest */ = {isa = PBXFileReference; explicitFileType = wrapper.cfbundle; includeInIndex = 0; path = peliculasTests.xctest; sourceTree = BUILT_PRODUCTS_DIR; };
		3D891E9C2189FC36004B4C45 /* peliculasTests.swift */ = {isa = PBXFileReference; lastKnownFileType = sourcecode.swift; path = peliculasTests.swift; sourceTree = "<group>"; };
		3D891E9E2189FC36004B4C45 /* Info.plist */ = {isa = PBXFileReference; lastKnownFileType = text.plist.xml; path = Info.plist; sourceTree = "<group>"; };
		3D891EA32189FC36004B4C45 /* peliculasUITests.xctest */ = {isa = PBXFileReference; explicitFileType = wrapper.cfbundle; includeInIndex = 0; path = peliculasUITests.xctest; sourceTree = BUILT_PRODUCTS_DIR; };
		3D891EA72189FC36004B4C45 /* peliculasUITests.swift */ = {isa = PBXFileReference; lastKnownFileType = sourcecode.swift; path = peliculasUITests.swift; sourceTree = "<group>"; };
		3D891EA92189FC36004B4C45 /* Info.plist */ = {isa = PBXFileReference; lastKnownFileType = text.plist.xml; path = Info.plist; sourceTree = "<group>"; };
		3D891EBA2189FF6E004B4C45 /* Pelicula.swift */ = {isa = PBXFileReference; lastKnownFileType = sourcecode.swift; path = Pelicula.swift; sourceTree = "<group>"; };
		3D891EBD218A0092004B4C45 /* Datos.swift */ = {isa = PBXFileReference; lastKnownFileType = sourcecode.swift; path = Datos.swift; sourceTree = "<group>"; };
		3D891EBF218A015C004B4C45 /* CeldaPeliculaController.swift */ = {isa = PBXFileReference; lastKnownFileType = sourcecode.swift; path = CeldaPeliculaController.swift; sourceTree = "<group>"; };
		3D891EC1218A0CD7004B4C45 /* Alamofire.xcodeproj */ = {isa = PBXFileReference; lastKnownFileType = "wrapper.pb-project"; name = Alamofire.xcodeproj; path = Alamofire/Alamofire.xcodeproj; sourceTree = SOURCE_ROOT; };
/* End PBXFileReference section */

/* Begin PBXFrameworksBuildPhase section */
		3D891E812189FC2E004B4C45 /* Frameworks */ = {
			isa = PBXFrameworksBuildPhase;
			buildActionMask = 2147483647;
			files = (
				3D891EDA218A0D6C004B4C45 /* Alamofire.framework in Frameworks */,
			);
			runOnlyForDeploymentPostprocessing = 0;
		};
		3D891E952189FC36004B4C45 /* Frameworks */ = {
			isa = PBXFrameworksBuildPhase;
			buildActionMask = 2147483647;
			files = (
			);
			runOnlyForDeploymentPostprocessing = 0;
		};
		3D891EA02189FC36004B4C45 /* Frameworks */ = {
			isa = PBXFrameworksBuildPhase;
			buildActionMask = 2147483647;
			files = (
			);
			runOnlyForDeploymentPostprocessing = 0;
		};
/* End PBXFrameworksBuildPhase section */

/* Begin PBXGroup section */
		3D891E7B2189FC2E004B4C45 = {
			isa = PBXGroup;
			children = (
				3D891E862189FC2E004B4C45 /* peliculas */,
				3D891E9B2189FC36004B4C45 /* peliculasTests */,
				3D891EA62189FC36004B4C45 /* peliculasUITests */,
				3D891E852189FC2E004B4C45 /* Products */,
			);
			sourceTree = "<group>";
		};
		3D891E852189FC2E004B4C45 /* Products */ = {
			isa = PBXGroup;
			children = (
				3D891E842189FC2E004B4C45 /* peliculas.app */,
				3D891E982189FC36004B4C45 /* peliculasTests.xctest */,
				3D891EA32189FC36004B4C45 /* peliculasUITests.xctest */,
			);
			name = Products;
			sourceTree = "<group>";
		};
		3D891E862189FC2E004B4C45 /* peliculas */ = {
			isa = PBXGroup;
			children = (
				3D891EC1218A0CD7004B4C45 /* Alamofire.xcodeproj */,
				3D891EBC218A007D004B4C45 /* Helpers */,
				3D891EB92189FF1A004B4C45 /* Resources */,
				3D891EB82189FF0F004B4C45 /* App */,
				3D891EB72189FF06004B4C45 /* ViewControllers */,
				3D891EB62189FEF5004B4C45 /* Views */,
				3D891EB52189FDB0004B4C45 /* Models */,
			);
			path = peliculas;
			sourceTree = "<group>";
		};
		3D891E9B2189FC36004B4C45 /* peliculasTests */ = {
			isa = PBXGroup;
			children = (
				3D891E9C2189FC36004B4C45 /* peliculasTests.swift */,
				3D891E9E2189FC36004B4C45 /* Info.plist */,
			);
			path = peliculasTests;
			sourceTree = "<group>";
		};
		3D891EA62189FC36004B4C45 /* peliculasUITests */ = {
			isa = PBXGroup;
			children = (
				3D891EA72189FC36004B4C45 /* peliculasUITests.swift */,
				3D891EA92189FC36004B4C45 /* Info.plist */,
			);
			path = peliculasUITests;
			sourceTree = "<group>";
		};
		3D891EB52189FDB0004B4C45 /* Models */ = {
			isa = PBXGroup;
			children = (
				3D891EBA2189FF6E004B4C45 /* Pelicula.swift */,
			);
			name = Models;
			sourceTree = "<group>";
		};
		3D891EB62189FEF5004B4C45 /* Views */ = {
			isa = PBXGroup;
			children = (
				3D891E902189FC36004B4C45 /* LaunchScreen.storyboard */,
				3D891E8B2189FC2E004B4C45 /* Main.storyboard */,
			);
			name = Views;
			sourceTree = "<group>";
		};
		3D891EB72189FF06004B4C45 /* ViewControllers */ = {
			isa = PBXGroup;
			children = (
				3D891E892189FC2E004B4C45 /* ViewController.swift */,
				3D891EBF218A015C004B4C45 /* CeldaPeliculaController.swift */,
			);
			name = ViewControllers;
			sourceTree = "<group>";
		};
		3D891EB82189FF0F004B4C45 /* App */ = {
			isa = PBXGroup;
			children = (
				3D891E932189FC36004B4C45 /* Info.plist */,
				3D891E872189FC2E004B4C45 /* AppDelegate.swift */,
			);
			name = App;
			sourceTree = "<group>";
		};
		3D891EB92189FF1A004B4C45 /* Resources */ = {
			isa = PBXGroup;
			children = (
				3D891E8E2189FC36004B4C45 /* Assets.xcassets */,
			);
			name = Resources;
			sourceTree = "<group>";
		};
		3D891EBC218A007D004B4C45 /* Helpers */ = {
			isa = PBXGroup;
			children = (
				3D891EBD218A0092004B4C45 /* Datos.swift */,
			);
			name = Helpers;
			sourceTree = "<group>";
		};
		3D891EC2218A0CD7004B4C45 /* Products */ = {
			isa = PBXGroup;
			children = (
				3D891ECD218A0CD7004B4C45 /* Alamofire.framework */,
				3D891ECF218A0CD7004B4C45 /* Alamofire iOS Tests.xctest */,
				3D891ED1218A0CD7004B4C45 /* Alamofire.framework */,
				3D891ED3218A0CD7004B4C45 /* Alamofire macOS Tests.xctest */,
				3D891ED5218A0CD7004B4C45 /* Alamofire.framework */,
				3D891ED7218A0CD7004B4C45 /* Alamofire tvOS Tests.xctest */,
				3D891ED9218A0CD7004B4C45 /* Alamofire.framework */,
			);
			name = Products;
			sourceTree = "<group>";
		};
/* End PBXGroup section */

/* Begin PBXNativeTarget section */
		3D891E832189FC2E004B4C45 /* peliculas */ = {
			isa = PBXNativeTarget;
			buildConfigurationList = 3D891EAC2189FC36004B4C45 /* Build configuration list for PBXNativeTarget "peliculas" */;
			buildPhases = (
				3D891E802189FC2E004B4C45 /* Sources */,
				3D891E812189FC2E004B4C45 /* Frameworks */,
				3D891E822189FC2E004B4C45 /* Resources */,
				3D891EDE218A0D6C004B4C45 /* Embed Frameworks */,
			);
			buildRules = (
			);
			dependencies = (
				3D891EDD218A0D6C004B4C45 /* PBXTargetDependency */,
			);
			name = peliculas;
			productName = peliculas;
			productReference = 3D891E842189FC2E004B4C45 /* peliculas.app */;
			productType = "com.apple.product-type.application";
		};
		3D891E972189FC36004B4C45 /* peliculasTests */ = {
			isa = PBXNativeTarget;
			buildConfigurationList = 3D891EAF2189FC36004B4C45 /* Build configuration list for PBXNativeTarget "peliculasTests" */;
			buildPhases = (
				3D891E942189FC36004B4C45 /* Sources */,
				3D891E952189FC36004B4C45 /* Frameworks */,
				3D891E962189FC36004B4C45 /* Resources */,
			);
			buildRules = (
			);
			dependencies = (
				3D891E9A2189FC36004B4C45 /* PBXTargetDependency */,
			);
			name = peliculasTests;
			productName = peliculasTests;
			productReference = 3D891E982189FC36004B4C45 /* peliculasTests.xctest */;
			productType = "com.apple.product-type.bundle.unit-test";
		};
		3D891EA22189FC36004B4C45 /* peliculasUITests */ = {
			isa = PBXNativeTarget;
			buildConfigurationList = 3D891EB22189FC36004B4C45 /* Build configuration list for PBXNativeTarget "peliculasUITests" */;
			buildPhases = (
				3D891E9F2189FC36004B4C45 /* Sources */,
				3D891EA02189FC36004B4C45 /* Frameworks */,
				3D891EA12189FC36004B4C45 /* Resources */,
			);
			buildRules = (
			);
			dependencies = (
				3D891EA52189FC36004B4C45 /* PBXTargetDependency */,
			);
			name = peliculasUITests;
			productName = peliculasUITests;
			productReference = 3D891EA32189FC36004B4C45 /* peliculasUITests.xctest */;
			productType = "com.apple.product-type.bundle.ui-testing";
		};
/* End PBXNativeTarget section */

/* Begin PBXProject section */
		3D891E7C2189FC2E004B4C45 /* Project object */ = {
			isa = PBXProject;
			attributes = {
				LastSwiftUpdateCheck = 0940;
				LastUpgradeCheck = 0940;
				ORGANIZATIONNAME = Alumno;
				TargetAttributes = {
					3D891E832189FC2E004B4C45 = {
						CreatedOnToolsVersion = 9.4.1;
					};
					3D891E972189FC36004B4C45 = {
						CreatedOnToolsVersion = 9.4.1;
						TestTargetID = 3D891E832189FC2E004B4C45;
					};
					3D891EA22189FC36004B4C45 = {
						CreatedOnToolsVersion = 9.4.1;
						TestTargetID = 3D891E832189FC2E004B4C45;
					};
				};
			};
			buildConfigurationList = 3D891E7F2189FC2E004B4C45 /* Build configuration list for PBXProject "peliculas" */;
			compatibilityVersion = "Xcode 9.3";
			developmentRegion = en;
			hasScannedForEncodings = 0;
			knownRegions = (
				en,
				Base,
			);
			mainGroup = 3D891E7B2189FC2E004B4C45;
			productRefGroup = 3D891E852189FC2E004B4C45 /* Products */;
			projectDirPath = "";
			projectReferences = (
				{
					ProductGroup = 3D891EC2218A0CD7004B4C45 /* Products */;
					ProjectRef = 3D891EC1218A0CD7004B4C45 /* Alamofire.xcodeproj */;
				},
			);
			projectRoot = "";
			targets = (
				3D891E832189FC2E004B4C45 /* peliculas */,
				3D891E972189FC36004B4C45 /* peliculasTests */,
				3D891EA22189FC36004B4C45 /* peliculasUITests */,
			);
		};
/* End PBXProject section */

/* Begin PBXReferenceProxy section */
		3D891ECD218A0CD7004B4C45 /* Alamofire.framework */ = {
			isa = PBXReferenceProxy;
			fileType = wrapper.framework;
			path = Alamofire.framework;
			remoteRef = 3D891ECC218A0CD7004B4C45 /* PBXContainerItemProxy */;
			sourceTree = BUILT_PRODUCTS_DIR;
		};
		3D891ECF218A0CD7004B4C45 /* Alamofire iOS Tests.xctest */ = {
			isa = PBXReferenceProxy;
			fileType = wrapper.cfbundle;
			path = "Alamofire iOS Tests.xctest";
			remoteRef = 3D891ECE218A0CD7004B4C45 /* PBXContainerItemProxy */;
			sourceTree = BUILT_PRODUCTS_DIR;
		};
		3D891ED1218A0CD7004B4C45 /* Alamofire.framework */ = {
			isa = PBXReferenceProxy;
			fileType = wrapper.framework;
			path = Alamofire.framework;
			remoteRef = 3D891ED0218A0CD7004B4C45 /* PBXContainerItemProxy */;
			sourceTree = BUILT_PRODUCTS_DIR;
		};
		3D891ED3218A0CD7004B4C45 /* Alamofire macOS Tests.xctest */ = {
			isa = PBXReferenceProxy;
			fileType = wrapper.cfbundle;
			path = "Alamofire macOS Tests.xctest";
			remoteRef = 3D891ED2218A0CD7004B4C45 /* PBXContainerItemProxy */;
			sourceTree = BUILT_PRODUCTS_DIR;
		};
		3D891ED5218A0CD7004B4C45 /* Alamofire.framework */ = {
			isa = PBXReferenceProxy;
			fileType = wrapper.framework;
			path = Alamofire.framework;
			remoteRef = 3D891ED4218A0CD7004B4C45 /* PBXContainerItemProxy */;
			sourceTree = BUILT_PRODUCTS_DIR;
		};
		3D891ED7218A0CD7004B4C45 /* Alamofire tvOS Tests.xctest */ = {
			isa = PBXReferenceProxy;
			fileType = wrapper.cfbundle;
			path = "Alamofire tvOS Tests.xctest";
			remoteRef = 3D891ED6218A0CD7004B4C45 /* PBXContainerItemProxy */;
			sourceTree = BUILT_PRODUCTS_DIR;
		};
		3D891ED9218A0CD7004B4C45 /* Alamofire.framework */ = {
			isa = PBXReferenceProxy;
			fileType = wrapper.framework;
			path = Alamofire.framework;
			remoteRef = 3D891ED8218A0CD7004B4C45 /* PBXContainerItemProxy */;
			sourceTree = BUILT_PRODUCTS_DIR;
		};
/* End PBXReferenceProxy section */

/* Begin PBXResourcesBuildPhase section */
		3D891E822189FC2E004B4C45 /* Resources */ = {
			isa = PBXResourcesBuildPhase;
			buildActionMask = 2147483647;
			files = (
				3D891E922189FC36004B4C45 /* LaunchScreen.storyboard in Resources */,
				3D891E8F2189FC36004B4C45 /* Assets.xcassets in Resources */,
				3D891E8D2189FC2E004B4C45 /* Main.storyboard in Resources */,
			);
			runOnlyForDeploymentPostprocessing = 0;
		};
		3D891E962189FC36004B4C45 /* Resources */ = {
			isa = PBXResourcesBuildPhase;
			buildActionMask = 2147483647;
			files = (
			);
			runOnlyForDeploymentPostprocessing = 0;
		};
		3D891EA12189FC36004B4C45 /* Resources */ = {
			isa = PBXResourcesBuildPhase;
			buildActionMask = 2147483647;
			files = (
			);
			runOnlyForDeploymentPostprocessing = 0;
		};
/* End PBXResourcesBuildPhase section */

/* Begin PBXSourcesBuildPhase section */
		3D891E802189FC2E004B4C45 /* Sources */ = {
			isa = PBXSourcesBuildPhase;
			buildActionMask = 2147483647;
			files = (
				3D891EBB2189FF6E004B4C45 /* Pelicula.swift in Sources */,
				3D891EBE218A0092004B4C45 /* Datos.swift in Sources */,
				3D891E8A2189FC2E004B4C45 /* ViewController.swift in Sources */,
				3D891E882189FC2E004B4C45 /* AppDelegate.swift in Sources */,
				3D891EC0218A015C004B4C45 /* CeldaPeliculaController.swift in Sources */,
			);
			runOnlyForDeploymentPostprocessing = 0;
		};
		3D891E942189FC36004B4C45 /* Sources */ = {
			isa = PBXSourcesBuildPhase;
			buildActionMask = 2147483647;
			files = (
				3D891E9D2189FC36004B4C45 /* peliculasTests.swift in Sources */,
			);
			runOnlyForDeploymentPostprocessing = 0;
		};
		3D891E9F2189FC36004B4C45 /* Sources */ = {
			isa = PBXSourcesBuildPhase;
			buildActionMask = 2147483647;
			files = (
				3D891EA82189FC36004B4C45 /* peliculasUITests.swift in Sources */,
			);
			runOnlyForDeploymentPostprocessing = 0;
		};
/* End PBXSourcesBuildPhase section */

/* Begin PBXTargetDependency section */
		3D891E9A2189FC36004B4C45 /* PBXTargetDependency */ = {
			isa = PBXTargetDependency;
			target = 3D891E832189FC2E004B4C45 /* peliculas */;
			targetProxy = 3D891E992189FC36004B4C45 /* PBXContainerItemProxy */;
		};
		3D891EA52189FC36004B4C45 /* PBXTargetDependency */ = {
			isa = PBXTargetDependency;
			target = 3D891E832189FC2E004B4C45 /* peliculas */;
			targetProxy = 3D891EA42189FC36004B4C45 /* PBXContainerItemProxy */;
		};
		3D891EDD218A0D6C004B4C45 /* PBXTargetDependency */ = {
			isa = PBXTargetDependency;
			name = "Alamofire iOS";
			targetProxy = 3D891EDC218A0D6C004B4C45 /* PBXContainerItemProxy */;
		};
/* End PBXTargetDependency section */

/* Begin PBXVariantGroup section */
		3D891E8B2189FC2E004B4C45 /* Main.storyboard */ = {
			isa = PBXVariantGroup;
			children = (
				3D891E8C2189FC2E004B4C45 /* Base */,
			);
			name = Main.storyboard;
			sourceTree = "<group>";
		};
		3D891E902189FC36004B4C45 /* LaunchScreen.storyboard */ = {
			isa = PBXVariantGroup;
			children = (
				3D891E912189FC36004B4C45 /* Base */,
			);
			name = LaunchScreen.storyboard;
			sourceTree = "<group>";
		};
/* End PBXVariantGroup section */

/* Begin XCBuildConfiguration section */
		3D891EAA2189FC36004B4C45 /* Debug */ = {
			isa = XCBuildConfiguration;
			buildSettings = {
				ALWAYS_SEARCH_USER_PATHS = NO;
				CLANG_ANALYZER_NONNULL = YES;
				CLANG_ANALYZER_NUMBER_OBJECT_CONVERSION = YES_AGGRESSIVE;
				CLANG_CXX_LANGUAGE_STANDARD = "gnu++14";
				CLANG_CXX_LIBRARY = "libc++";
				CLANG_ENABLE_MODULES = YES;
				CLANG_ENABLE_OBJC_ARC = YES;
				CLANG_ENABLE_OBJC_WEAK = YES;
				CLANG_WARN_BLOCK_CAPTURE_AUTORELEASING = YES;
				CLANG_WARN_BOOL_CONVERSION = YES;
				CLANG_WARN_COMMA = YES;
				CLANG_WARN_CONSTANT_CONVERSION = YES;
				CLANG_WARN_DEPRECATED_OBJC_IMPLEMENTATIONS = YES;
				CLANG_WARN_DIRECT_OBJC_ISA_USAGE = YES_ERROR;
				CLANG_WARN_DOCUMENTATION_COMMENTS = YES;
				CLANG_WARN_EMPTY_BODY = YES;
				CLANG_WARN_ENUM_CONVERSION = YES;
				CLANG_WARN_INFINITE_RECURSION = YES;
				CLANG_WARN_INT_CONVERSION = YES;
				CLANG_WARN_NON_LITERAL_NULL_CONVERSION = YES;
				CLANG_WARN_OBJC_IMPLICIT_RETAIN_SELF = YES;
				CLANG_WARN_OBJC_LITERAL_CONVERSION = YES;
				CLANG_WARN_OBJC_ROOT_CLASS = YES_ERROR;
				CLANG_WARN_RANGE_LOOP_ANALYSIS = YES;
				CLANG_WARN_STRICT_PROTOTYPES = YES;
				CLANG_WARN_SUSPICIOUS_MOVE = YES;
				CLANG_WARN_UNGUARDED_AVAILABILITY = YES_AGGRESSIVE;
				CLANG_WARN_UNREACHABLE_CODE = YES;
				CLANG_WARN__DUPLICATE_METHOD_MATCH = YES;
				CODE_SIGN_IDENTITY = "iPhone Developer";
				COPY_PHASE_STRIP = NO;
				DEBUG_INFORMATION_FORMAT = dwarf;
				ENABLE_STRICT_OBJC_MSGSEND = YES;
				ENABLE_TESTABILITY = YES;
				GCC_C_LANGUAGE_STANDARD = gnu11;
				GCC_DYNAMIC_NO_PIC = NO;
				GCC_NO_COMMON_BLOCKS = YES;
				GCC_OPTIMIZATION_LEVEL = 0;
				GCC_PREPROCESSOR_DEFINITIONS = (
					"DEBUG=1",
					"$(inherited)",
				);
				GCC_WARN_64_TO_32_BIT_CONVERSION = YES;
				GCC_WARN_ABOUT_RETURN_TYPE = YES_ERROR;
				GCC_WARN_UNDECLARED_SELECTOR = YES;
				GCC_WARN_UNINITIALIZED_AUTOS = YES_AGGRESSIVE;
				GCC_WARN_UNUSED_FUNCTION = YES;
				GCC_WARN_UNUSED_VARIABLE = YES;
				IPHONEOS_DEPLOYMENT_TARGET = 11.4;
				MTL_ENABLE_DEBUG_INFO = YES;
				ONLY_ACTIVE_ARCH = YES;
				SDKROOT = iphoneos;
				SWIFT_ACTIVE_COMPILATION_CONDITIONS = DEBUG;
				SWIFT_OPTIMIZATION_LEVEL = "-Onone";
			};
			name = Debug;
		};
		3D891EAB2189FC36004B4C45 /* Release */ = {
			isa = XCBuildConfiguration;
			buildSettings = {
				ALWAYS_SEARCH_USER_PATHS = NO;
				CLANG_ANALYZER_NONNULL = YES;
				CLANG_ANALYZER_NUMBER_OBJECT_CONVERSION = YES_AGGRESSIVE;
				CLANG_CXX_LANGUAGE_STANDARD = "gnu++14";
				CLANG_CXX_LIBRARY = "libc++";
				CLANG_ENABLE_MODULES = YES;
				CLANG_ENABLE_OBJC_ARC = YES;
				CLANG_ENABLE_OBJC_WEAK = YES;
				CLANG_WARN_BLOCK_CAPTURE_AUTORELEASING = YES;
				CLANG_WARN_BOOL_CONVERSION = YES;
				CLANG_WARN_COMMA = YES;
				CLANG_WARN_CONSTANT_CONVERSION = YES;
				CLANG_WARN_DEPRECATED_OBJC_IMPLEMENTATIONS = YES;
				CLANG_WARN_DIRECT_OBJC_ISA_USAGE = YES_ERROR;
				CLANG_WARN_DOCUMENTATION_COMMENTS = YES;
				CLANG_WARN_EMPTY_BODY = YES;
				CLANG_WARN_ENUM_CONVERSION = YES;
				CLANG_WARN_INFINITE_RECURSION = YES;
				CLANG_WARN_INT_CONVERSION = YES;
				CLANG_WARN_NON_LITERAL_NULL_CONVERSION = YES;
				CLANG_WARN_OBJC_IMPLICIT_RETAIN_SELF = YES;
				CLANG_WARN_OBJC_LITERAL_CONVERSION = YES;
				CLANG_WARN_OBJC_ROOT_CLASS = YES_ERROR;
				CLANG_WARN_RANGE_LOOP_ANALYSIS = YES;
				CLANG_WARN_STRICT_PROTOTYPES = YES;
				CLANG_WARN_SUSPICIOUS_MOVE = YES;
				CLANG_WARN_UNGUARDED_AVAILABILITY = YES_AGGRESSIVE;
				CLANG_WARN_UNREACHABLE_CODE = YES;
				CLANG_WARN__DUPLICATE_METHOD_MATCH = YES;
				CODE_SIGN_IDENTITY = "iPhone Developer";
				COPY_PHASE_STRIP = NO;
				DEBUG_INFORMATION_FORMAT = "dwarf-with-dsym";
				ENABLE_NS_ASSERTIONS = NO;
				ENABLE_STRICT_OBJC_MSGSEND = YES;
				GCC_C_LANGUAGE_STANDARD = gnu11;
				GCC_NO_COMMON_BLOCKS = YES;
				GCC_WARN_64_TO_32_BIT_CONVERSION = YES;
				GCC_WARN_ABOUT_RETURN_TYPE = YES_ERROR;
				GCC_WARN_UNDECLARED_SELECTOR = YES;
				GCC_WARN_UNINITIALIZED_AUTOS = YES_AGGRESSIVE;
				GCC_WARN_UNUSED_FUNCTION = YES;
				GCC_WARN_UNUSED_VARIABLE = YES;
				IPHONEOS_DEPLOYMENT_TARGET = 11.4;
				MTL_ENABLE_DEBUG_INFO = NO;
				SDKROOT = iphoneos;
				SWIFT_COMPILATION_MODE = wholemodule;
				SWIFT_OPTIMIZATION_LEVEL = "-O";
				VALIDATE_PRODUCT = YES;
			};
			name = Release;
		};
		3D891EAD2189FC36004B4C45 /* Debug */ = {
			isa = XCBuildConfiguration;
			buildSettings = {
				ALWAYS_EMBED_SWIFT_STANDARD_LIBRARIES = YES;
				ASSETCATALOG_COMPILER_APPICON_NAME = AppIcon;
				CODE_SIGN_STYLE = Automatic;
				INFOPLIST_FILE = peliculas/Info.plist;
				LD_RUNPATH_SEARCH_PATHS = (
					"$(inherited)",
					"@executable_path/Frameworks",
				);
				PRODUCT_BUNDLE_IDENTIFIER = edu.ulsa.peliculas;
				PRODUCT_NAME = "$(TARGET_NAME)";
				SWIFT_VERSION = 4.0;
				TARGETED_DEVICE_FAMILY = "1,2";
			};
			name = Debug;
		};
		3D891EAE2189FC36004B4C45 /* Release */ = {
			isa = XCBuildConfiguration;
			buildSettings = {
				ALWAYS_EMBED_SWIFT_STANDARD_LIBRARIES = YES;
				ASSETCATALOG_COMPILER_APPICON_NAME = AppIcon;
				CODE_SIGN_STYLE = Automatic;
				INFOPLIST_FILE = peliculas/Info.plist;
				LD_RUNPATH_SEARCH_PATHS = (
					"$(inherited)",
					"@executable_path/Frameworks",
				);
				PRODUCT_BUNDLE_IDENTIFIER = edu.ulsa.peliculas;
				PRODUCT_NAME = "$(TARGET_NAME)";
				SWIFT_VERSION = 4.0;
				TARGETED_DEVICE_FAMILY = "1,2";
			};
			name = Release;
		};
		3D891EB02189FC36004B4C45 /* Debug */ = {
			isa = XCBuildConfiguration;
			buildSettings = {
				ALWAYS_EMBED_SWIFT_STANDARD_LIBRARIES = YES;
				BUNDLE_LOADER = "$(TEST_HOST)";
				CODE_SIGN_STYLE = Automatic;
				INFOPLIST_FILE = peliculasTests/Info.plist;
				LD_RUNPATH_SEARCH_PATHS = (
					"$(inherited)",
					"@executable_path/Frameworks",
					"@loader_path/Frameworks",
				);
				PRODUCT_BUNDLE_IDENTIFIER = edu.ulsa.peliculasTests;
				PRODUCT_NAME = "$(TARGET_NAME)";
				SWIFT_VERSION = 4.0;
				TARGETED_DEVICE_FAMILY = "1,2";
				TEST_HOST = "$(BUILT_PRODUCTS_DIR)/peliculas.app/peliculas";
			};
			name = Debug;
		};
		3D891EB12189FC36004B4C45 /* Release */ = {
			isa = XCBuildConfiguration;
			buildSettings = {
				ALWAYS_EMBED_SWIFT_STANDARD_LIBRARIES = YES;
				BUNDLE_LOADER = "$(TEST_HOST)";
				CODE_SIGN_STYLE = Automatic;
				INFOPLIST_FILE = peliculasTests/Info.plist;
				LD_RUNPATH_SEARCH_PATHS = (
					"$(inherited)",
					"@executable_path/Frameworks",
					"@loader_path/Frameworks",
				);
				PRODUCT_BUNDLE_IDENTIFIER = edu.ulsa.peliculasTests;
				PRODUCT_NAME = "$(TARGET_NAME)";
				SWIFT_VERSION = 4.0;
				TARGETED_DEVICE_FAMILY = "1,2";
				TEST_HOST = "$(BUILT_PRODUCTS_DIR)/peliculas.app/peliculas";
			};
			name = Release;
		};
		3D891EB32189FC36004B4C45 /* Debug */ = {
			isa = XCBuildConfiguration;
			buildSettings = {
				ALWAYS_EMBED_SWIFT_STANDARD_LIBRARIES = YES;
				CODE_SIGN_STYLE = Automatic;
				INFOPLIST_FILE = peliculasUITests/Info.plist;
				LD_RUNPATH_SEARCH_PATHS = (
					"$(inherited)",
					"@executable_path/Frameworks",
					"@loader_path/Frameworks",
				);
				PRODUCT_BUNDLE_IDENTIFIER = edu.ulsa.peliculasUITests;
				PRODUCT_NAME = "$(TARGET_NAME)";
				SWIFT_VERSION = 4.0;
				TARGETED_DEVICE_FAMILY = "1,2";
				TEST_TARGET_NAME = peliculas;
			};
			name = Debug;
		};
		3D891EB42189FC36004B4C45 /* Release */ = {
			isa = XCBuildConfiguration;
			buildSettings = {
				ALWAYS_EMBED_SWIFT_STANDARD_LIBRARIES = YES;
				CODE_SIGN_STYLE = Automatic;
				INFOPLIST_FILE = peliculasUITests/Info.plist;
				LD_RUNPATH_SEARCH_PATHS = (
					"$(inherited)",
					"@executable_path/Frameworks",
					"@loader_path/Frameworks",
				);
				PRODUCT_BUNDLE_IDENTIFIER = edu.ulsa.peliculasUITests;
				PRODUCT_NAME = "$(TARGET_NAME)";
				SWIFT_VERSION = 4.0;
				TARGETED_DEVICE_FAMILY = "1,2";
				TEST_TARGET_NAME = peliculas;
			};
			name = Release;
		};
/* End XCBuildConfiguration section */

/* Begin XCConfigurationList section */
		3D891E7F2189FC2E004B4C45 /* Build configuration list for PBXProject "peliculas" */ = {
			isa = XCConfigurationList;
			buildConfigurations = (
				3D891EAA2189FC36004B4C45 /* Debug */,
				3D891EAB2189FC36004B4C45 /* Release */,
			);
			defaultConfigurationIsVisible = 0;
			defaultConfigurationName = Release;
		};
		3D891EAC2189FC36004B4C45 /* Build configuration list for PBXNativeTarget "peliculas" */ = {
			isa = XCConfigurationList;
			buildConfigurations = (
				3D891EAD2189FC36004B4C45 /* Debug */,
				3D891EAE2189FC36004B4C45 /* Release */,
			);
			defaultConfigurationIsVisible = 0;
			defaultConfigurationName = Release;
		};
		3D891EAF2189FC36004B4C45 /* Build configuration list for PBXNativeTarget "peliculasTests" */ = {
			isa = XCConfigurationList;
			buildConfigurations = (
				3D891EB02189FC36004B4C45 /* Debug */,
				3D891EB12189FC36004B4C45 /* Release */,
			);
			defaultConfigurationIsVisible = 0;
			defaultConfigurationName = Release;
		};
		3D891EB22189FC36004B4C45 /* Build configuration list for PBXNativeTarget "peliculasUITests" */ = {
			isa = XCConfigurationList;
			buildConfigurations = (
				3D891EB32189FC36004B4C45 /* Debug */,
				3D891EB42189FC36004B4C45 /* Release */,
			);
			defaultConfigurationIsVisible = 0;
			defaultConfigurationName = Release;
		};
/* End XCConfigurationList section */
	};
	rootObject = 3D891E7C2189FC2E004B4C45 /* Project object */;
}
